
Microsoft Visual Studio Solution File, Format Version 12.00
# Visual Studio Version 16
VisualStudioVersion = 16.0.30104.148
MinimumVisualStudioVersion = 10.0.40219.1
Project("{2150E333-8FDC-42A3-9474-1A3956D46DE8}") = "src", "src", "{09EF3D0D-BA80-4185-AB64-1D570435813C}"
EndProject
Project("{9A19103F-16F7-4668-BE54-9A1E7A4F7556}") = "TimeLogger", "src\TimeLogger\TimeLogger.csproj", "{6A61A3E9-B9DB-4DAE-9D8A-4D039D837B60}"
EndProject
Project("{9A19103F-16F7-4668-BE54-9A1E7A4F7556}") = "TimeLogger.Repository", "src\TimeLogger.Repository\TimeLogger.Repository.csproj", "{3E1D7034-8594-4F25-8635-14FF3DDBFFC1}"
EndProject
Project("{2150E333-8FDC-42A3-9474-1A3956D46DE8}") = "Solution Items", "Solution Items", "{8FC34242-7AF6-4902-8464-C1EEB1DE739C}"
	ProjectSection(SolutionItems) = preProject
		docker-compose.yml = docker-compose.yml
		Dockerfile = Dockerfile
		README.md = README.md
	EndProjectSection
EndProject
Project("{2150E333-8FDC-42A3-9474-1A3956D46DE8}") = "test", "test", "{1E51F0F8-2DCD-4C98-82F5-6923A1D2828B}"
EndProject
Project("{9A19103F-16F7-4668-BE54-9A1E7A4F7556}") = "TimeLogger.Tests", "test\TimeLogger.Tests\TimeLogger.Tests.csproj", "{AC8A73E2-F7E5-4790-896A-FA861E747FD9}"
EndProject
Global
	GlobalSection(SolutionConfigurationPlatforms) = preSolution
		Debug|Any CPU = Debug|Any CPU
		Release|Any CPU = Release|Any CPU
	EndGlobalSection
	GlobalSection(ProjectConfigurationPlatforms) = postSolution
		{6A61A3E9-B9DB-4DAE-9D8A-4D039D837B60}.Debug|Any CPU.ActiveCfg = Debug|Any CPU
		{6A61A3E9-B9DB-4DAE-9D8A-4D039D837B60}.Debug|Any CPU.Build.0 = Debug|Any CPU
		{6A61A3E9-B9DB-4DAE-9D8A-4D039D837B60}.Release|Any CPU.ActiveCfg = Release|Any CPU
		{6A61A3E9-B9DB-4DAE-9D8A-4D039D837B60}.Release|Any CPU.Build.0 = Release|Any CPU
		{3E1D7034-8594-4F25-8635-14FF3DDBFFC1}.Debug|Any CPU.ActiveCfg = Debug|Any CPU
		{3E1D7034-8594-4F25-8635-14FF3DDBFFC1}.Debug|Any CPU.Build.0 = Debug|Any CPU
		{3E1D7034-8594-4F25-8635-14FF3DDBFFC1}.Release|Any CPU.ActiveCfg = Release|Any CPU
		{3E1D7034-8594-4F25-8635-14FF3DDBFFC1}.Release|Any CPU.Build.0 = Release|Any CPU
		{AC8A73E2-F7E5-4790-896A-FA861E747FD9}.Debug|Any CPU.ActiveCfg = Debug|Any CPU
		{AC8A73E2-F7E5-4790-896A-FA861E747FD9}.Debug|Any CPU.Build.0 = Debug|Any CPU
		{AC8A73E2-F7E5-4790-896A-FA861E747FD9}.Release|Any CPU.ActiveCfg = Release|Any CPU
		{AC8A73E2-F7E5-4790-896A-FA861E747FD9}.Release|Any CPU.Build.0 = Release|Any CPU
	EndGlobalSection
	GlobalSection(SolutionProperties) = preSolution
		HideSolutionNode = FALSE
	EndGlobalSection
	GlobalSection(NestedProjects) = preSolution
		{6A61A3E9-B9DB-4DAE-9D8A-4D039D837B60} = {09EF3D0D-BA80-4185-AB64-1D570435813C}
		{3E1D7034-8594-4F25-8635-14FF3DDBFFC1} = {09EF3D0D-BA80-4185-AB64-1D570435813C}
		{AC8A73E2-F7E5-4790-896A-FA861E747FD9} = {1E51F0F8-2DCD-4C98-82F5-6923A1D2828B}
	EndGlobalSection
	GlobalSection(ExtensibilityGlobals) = postSolution
		SolutionGuid = {498261BD-9257-42D9-A782-C548F8F9B716}
	EndGlobalSection
EndGlobal
